
Microsoft Visual Studio Solution File, Format Version 12.00
# Visual Studio Version 17
VisualStudioVersion = 17.10.35122.118
MinimumVisualStudioVersion = 10.0.40219.1
Project("{FAE04EC0-301F-11D3-BF4B-00C04F79EFBC}") = "Clientes y Proveedores", "Clientes y Proveedores.csproj", "{33B050D3-F8B3-4EFF-9337-9B617B3CAC6F}"
EndProject
Global
	GlobalSection(SolutionConfigurationPlatforms) = preSolution
		Debug|Any CPU = Debug|Any CPU
		Release|Any CPU = Release|Any CPU
	EndGlobalSection
	GlobalSection(ProjectConfigurationPlatforms) = postSolution
		{33B050D3-F8B3-4EFF-9337-9B617B3CAC6F}.Debug|Any CPU.ActiveCfg = Debug|Any CPU
		{33B050D3-F8B3-4EFF-9337-9B617B3CAC6F}.Debug|Any CPU.Build.0 = Debug|Any CPU
		{33B050D3-F8B3-4EFF-9337-9B617B3CAC6F}.Release|Any CPU.ActiveCfg = Release|Any CPU
		{33B050D3-F8B3-4EFF-9337-9B617B3CAC6F}.Release|Any CPU.Build.0 = Release|Any CPU
	EndGlobalSection
	GlobalSection(SolutionProperties) = preSolution
		HideSolutionNode = FALSE
	EndGlobalSection
	GlobalSection(ExtensibilityGlobals) = postSolution
		SolutionGuid = {4D943A95-14F4-4549-A9CF-66922B95E0C8}
	EndGlobalSection
EndGlobal
